
Microsoft Visual Studio Solution File, Format Version 12.00
# Visual Studio Version 17
VisualStudioVersion = 17.0.31903.59
MinimumVisualStudioVersion = 10.0.40219.1
Project("{FAE04EC0-301F-11D3-BF4B-00C04F79EFBC}") = "ServiceA", "ServiceA\ServiceA.csproj", "{89A78512-E393-411C-A6B3-4E34D24F9C7E}"
EndProject
Project("{FAE04EC0-301F-11D3-BF4B-00C04F79EFBC}") = "ServiceB", "ServiceB\ServiceB.csproj", "{ECE4E01E-5C01-4CDE-A7E0-D36FEF3387A4}"
EndProject
Project("{FAE04EC0-301F-11D3-BF4B-00C04F79EFBC}") = "ProjectSummarizer", "ProjectSummarizer\ProjectSummarizer.csproj", "{96804B7B-04B9-4217-BA0F-051C980A7B9D}"
EndProject
Global
	GlobalSection(SolutionConfigurationPlatforms) = preSolution
		Debug|Any CPU = Debug|Any CPU
		Debug|x64 = Debug|x64
		Debug|x86 = Debug|x86
		Release|Any CPU = Release|Any CPU
		Release|x64 = Release|x64
		Release|x86 = Release|x86
	EndGlobalSection
	GlobalSection(ProjectConfigurationPlatforms) = postSolution
		{89A78512-E393-411C-A6B3-4E34D24F9C7E}.Debug|Any CPU.ActiveCfg = Debug|Any CPU
		{89A78512-E393-411C-A6B3-4E34D24F9C7E}.Debug|Any CPU.Build.0 = Debug|Any CPU
		{89A78512-E393-411C-A6B3-4E34D24F9C7E}.Debug|x64.ActiveCfg = Debug|Any CPU
		{89A78512-E393-411C-A6B3-4E34D24F9C7E}.Debug|x64.Build.0 = Debug|Any CPU
		{89A78512-E393-411C-A6B3-4E34D24F9C7E}.Debug|x86.ActiveCfg = Debug|Any CPU
		{89A78512-E393-411C-A6B3-4E34D24F9C7E}.Debug|x86.Build.0 = Debug|Any CPU
		{89A78512-E393-411C-A6B3-4E34D24F9C7E}.Release|Any CPU.ActiveCfg = Release|Any CPU
		{89A78512-E393-411C-A6B3-4E34D24F9C7E}.Release|Any CPU.Build.0 = Release|Any CPU
		{89A78512-E393-411C-A6B3-4E34D24F9C7E}.Release|x64.ActiveCfg = Release|Any CPU
		{89A78512-E393-411C-A6B3-4E34D24F9C7E}.Release|x64.Build.0 = Release|Any CPU
		{89A78512-E393-411C-A6B3-4E34D24F9C7E}.Release|x86.ActiveCfg = Release|Any CPU
		{89A78512-E393-411C-A6B3-4E34D24F9C7E}.Release|x86.Build.0 = Release|Any CPU
		{ECE4E01E-5C01-4CDE-A7E0-D36FEF3387A4}.Debug|Any CPU.ActiveCfg = Debug|Any CPU
		{ECE4E01E-5C01-4CDE-A7E0-D36FEF3387A4}.Debug|Any CPU.Build.0 = Debug|Any CPU
		{ECE4E01E-5C01-4CDE-A7E0-D36FEF3387A4}.Debug|x64.ActiveCfg = Debug|Any CPU
		{ECE4E01E-5C01-4CDE-A7E0-D36FEF3387A4}.Debug|x64.Build.0 = Debug|Any CPU
		{ECE4E01E-5C01-4CDE-A7E0-D36FEF3387A4}.Debug|x86.ActiveCfg = Debug|Any CPU
		{ECE4E01E-5C01-4CDE-A7E0-D36FEF3387A4}.Debug|x86.Build.0 = Debug|Any CPU
		{ECE4E01E-5C01-4CDE-A7E0-D36FEF3387A4}.Release|Any CPU.ActiveCfg = Release|Any CPU
		{ECE4E01E-5C01-4CDE-A7E0-D36FEF3387A4}.Release|Any CPU.Build.0 = Release|Any CPU
		{ECE4E01E-5C01-4CDE-A7E0-D36FEF3387A4}.Release|x64.ActiveCfg = Release|Any CPU
		{ECE4E01E-5C01-4CDE-A7E0-D36FEF3387A4}.Release|x64.Build.0 = Release|Any CPU
		{ECE4E01E-5C01-4CDE-A7E0-D36FEF3387A4}.Release|x86.ActiveCfg = Release|Any CPU
		{ECE4E01E-5C01-4CDE-A7E0-D36FEF3387A4}.Release|x86.Build.0 = Release|Any CPU
		{96804B7B-04B9-4217-BA0F-051C980A7B9D}.Debug|Any CPU.ActiveCfg = Debug|Any CPU
		{96804B7B-04B9-4217-BA0F-051C980A7B9D}.Debug|Any CPU.Build.0 = Debug|Any CPU
		{96804B7B-04B9-4217-BA0F-051C980A7B9D}.Debug|x64.ActiveCfg = Debug|Any CPU
		{96804B7B-04B9-4217-BA0F-051C980A7B9D}.Debug|x64.Build.0 = Debug|Any CPU
		{96804B7B-04B9-4217-BA0F-051C980A7B9D}.Debug|x86.ActiveCfg = Debug|Any CPU
		{96804B7B-04B9-4217-BA0F-051C980A7B9D}.Debug|x86.Build.0 = Debug|Any CPU
		{96804B7B-04B9-4217-BA0F-051C980A7B9D}.Release|Any CPU.ActiveCfg = Release|Any CPU
		{96804B7B-04B9-4217-BA0F-051C980A7B9D}.Release|Any CPU.Build.0 = Release|Any CPU
		{96804B7B-04B9-4217-BA0F-051C980A7B9D}.Release|x64.ActiveCfg = Release|Any CPU
		{96804B7B-04B9-4217-BA0F-051C980A7B9D}.Release|x64.Build.0 = Release|Any CPU
		{96804B7B-04B9-4217-BA0F-051C980A7B9D}.Release|x86.ActiveCfg = Release|Any CPU
		{96804B7B-04B9-4217-BA0F-051C980A7B9D}.Release|x86.Build.0 = Release|Any CPU
	EndGlobalSection
	GlobalSection(SolutionProperties) = preSolution
		HideSolutionNode = FALSE
	EndGlobalSection
EndGlobal
